speakeasyVersion: 1.792.0
sources:
    Comp AI API:
        sourceNamespace: comp-ai-api
        sourceRevisionDigest: sha256:c8a2377646f2722d17f252054995b009202a1334c6aad33adf8ed9f990f80e21
        sourceBlobDigest: sha256:826da6bdc8aec86733370b9e4e738d443e28e2729729154e6c085f6e04c858cb
        tags:
            - latest
            - "1.0"
targets:
    comp-ai:
        source: Comp AI API
        sourceNamespace: comp-ai-api
        sourceRevisionDigest: sha256:c8a2377646f2722d17f252054995b009202a1334c6aad33adf8ed9f990f80e21
        sourceBlobDigest: sha256:826da6bdc8aec86733370b9e4e738d443e28e2729729154e6c085f6e04c858cb
workflow:
    workflowVersion: 1.0.0
    speakeasyVersion: latest
    sources:
        Comp AI API:
            inputs:
                - location: ../../packages/docs/openapi.json
            overlays:
                - location: ./.speakeasy/mcp-uploads-overlay.yaml
            output: .speakeasy/out.openapi.yaml
            registry:
                location: registry.speakeasyapi.dev/comp-ai-ntv/comp-ai/comp-ai-api
    targets:
        comp-ai:
            target: mcp-typescript
            source: Comp AI API
            publish:
                npm:
                    token: $npm_token
